// !$*UTF8*$!
{
	archiveVersion = 1;
	classes = {
	};
	objectVersion = 56;
	objects = {

/* Begin PBXBuildFile section */
		E4AD184E2AFE9704003E46FB /* AppDelegate.swift in Sources */ = {isa = PBXBuildFile; fileRef = E4AD184D2AFE9704003E46FB /* AppDelegate.swift */; };
		E4AD18502AFE9704003E46FB /* SceneDelegate.swift in Sources */ = {isa = PBXBuildFile; fileRef = E4AD184F2AFE9704003E46FB /* SceneDelegate.swift */; };
		E4AD18522AFE9704003E46FB /* ViewController.swift in Sources */ = {isa = PBXBuildFile; fileRef = E4AD18512AFE9704003E46FB /* ViewController.swift */; };
		E4AD18552AFE9704003E46FB /* Main.storyboard in Resources */ = {isa = PBXBuildFile; fileRef = E4AD18532AFE9704003E46FB /* Main.storyboard */; };
		E4AD18572AFE9706003E46FB /* Assets.xcassets in Resources */ = {isa = PBXBuildFile; fileRef = E4AD18562AFE9706003E46FB /* Assets.xcassets */; };
		E4AD185A2AFE9706003E46FB /* LaunchScreen.storyboard in Resources */ = {isa = PBXBuildFile; fileRef = E4AD18582AFE9706003E46FB /* LaunchScreen.storyboard */; };
		E4AD18652AFE9706003E46FB /* gitTest1Tests.swift in Sources */ = {isa = PBXBuildFile; fileRef = E4AD18642AFE9706003E46FB /* gitTest1Tests.swift */; };
		E4AD186F2AFE9706003E46FB /* gitTest1UITests.swift in Sources */ = {isa = PBXBuildFile; fileRef = E4AD186E2AFE9706003E46FB /* gitTest1UITests.swift */; };
		E4AD18712AFE9706003E46FB /* gitTest1UITestsLaunchTests.swift in Sources */ = {isa = PBXBuildFile; fileRef = E4AD18702AFE9706003E46FB /* gitTest1UITestsLaunchTests.swift */; };
/* End PBXBuildFile section */

/* Begin PBXContainerItemProxy section */
		E4AD18612AFE9706003E46FB /* PBXContainerItemProxy */ = {
			isa = PBXContainerItemProxy;
			containerPortal = E4AD18422AFE9704003E46FB /* Project object */;
			proxyType = 1;
			remoteGlobalIDString = E4AD18492AFE9704003E46FB;
			remoteInfo = gitTest1;
		};
		E4AD186B2AFE9706003E46FB /* PBXContainerItemProxy */ = {
			isa = PBXContainerItemProxy;
			containerPortal = E4AD18422AFE9704003E46FB /* Project object */;
			proxyType = 1;
			remoteGlobalIDString = E4AD18492AFE9704003E46FB;
			remoteInfo = gitTest1;
		};
/* End PBXContainerItemProxy section */

/* Begin PBXFileReference section */
		E4AD184A2AFE9704003E46FB /* gitTest1.app */ = {isa = PBXFileReference; explicitFileType = wrapper.application; includeInIndex = 0; path = gitTest1.app; sourceTree = BUILT_PRODUCTS_DIR; };
		E4AD184D2AFE9704003E46FB /* AppDelegate.swift */ = {isa = PBXFileReference; lastKnownFileType = sourcecode.swift; path = AppDelegate.swift; sourceTree = "<group>"; };
		E4AD184F2AFE9704003E46FB /* SceneDelegate.swift */ = {isa = PBXFileReference; lastKnownFileType = sourcecode.swift; path = SceneDelegate.swift; sourceTree = "<group>"; };
		E4AD18512AFE9704003E46FB /* ViewController.swift */ = {isa = PBXFileReference; lastKnownFileType = sourcecode.swift; path = ViewController.swift; sourceTree = "<group>"; };
		E4AD18542AFE9704003E46FB /* Base */ = {isa = PBXFileReference; lastKnownFileType = file.storyboard; name = Base; path = Base.lproj/Main.storyboard; sourceTree = "<group>"; };
		E4AD18562AFE9706003E46FB /* Assets.xcassets */ = {isa = PBXFileReference; lastKnownFileType = folder.assetcatalog; path = Assets.xcassets; sourceTree = "<group>"; };
		E4AD18592AFE9706003E46FB /* Base */ = {isa = PBXFileReference; lastKnownFileType = file.storyboard; name = Base; path = Base.lproj/LaunchScreen.storyboard; sourceTree = "<group>"; };
		E4AD185B2AFE9706003E46FB /* Info.plist */ = {isa = PBXFileReference; lastKnownFileType = text.plist.xml; path = Info.plist; sourceTree = "<group>"; };
		E4AD18602AFE9706003E46FB /* gitTest1Tests.xctest */ = {isa = PBXFileReference; explicitFileType = wrapper.cfbundle; includeInIndex = 0; path = gitTest1Tests.xctest; sourceTree = BUILT_PRODUCTS_DIR; };
		E4AD18642AFE9706003E46FB /* gitTest1Tests.swift */ = {isa = PBXFileReference; lastKnownFileType = sourcecode.swift; path = gitTest1Tests.swift; sourceTree = "<group>"; };
		E4AD186A2AFE9706003E46FB /* gitTest1UITests.xctest */ = {isa = PBXFileReference; explicitFileType = wrapper.cfbundle; includeInIndex = 0; path = gitTest1UITests.xctest; sourceTree = BUILT_PRODUCTS_DIR; };
		E4AD186E2AFE9706003E46FB /* gitTest1UITests.swift */ = {isa = PBXFileReference; lastKnownFileType = sourcecode.swift; path = gitTest1UITests.swift; sourceTree = "<group>"; };
		E4AD18702AFE9706003E46FB /* gitTest1UITestsLaunchTests.swift */ = {isa = PBXFileReference; lastKnownFileType = sourcecode.swift; path = gitTest1UITestsLaunchTests.swift; sourceTree = "<group>"; };
/* End PBXFileReference section */

/* Begin PBXFrameworksBuildPhase section */
		E4AD18472AFE9704003E46FB /* Frameworks */ = {
			isa = PBXFrameworksBuildPhase;
			buildActionMask = 2147483647;
			files = (
			);
			runOnlyForDeploymentPostprocessing = 0;
		};
		E4AD185D2AFE9706003E46FB /* Frameworks */ = {
			isa = PBXFrameworksBuildPhase;
			buildActionMask = 2147483647;
			files = (
			);
			runOnlyForDeploymentPostprocessing = 0;
		};
		E4AD18672AFE9706003E46FB /* Frameworks */ = {
			isa = PBXFrameworksBuildPhase;
			buildActionMask = 2147483647;
			files = (
			);
			runOnlyForDeploymentPostprocessing = 0;
		};
/* End PBXFrameworksBuildPhase section */

/* Begin PBXGroup section */
		E4AD18412AFE9704003E46FB = {
			isa = PBXGroup;
			children = (
				E4AD184C2AFE9704003E46FB /* gitTest1 */,
				E4AD18632AFE9706003E46FB /* gitTest1Tests */,
				E4AD186D2AFE9706003E46FB /* gitTest1UITests */,
				E4AD184B2AFE9704003E46FB /* Products */,
			);
			sourceTree = "<group>";
		};
		E4AD184B2AFE9704003E46FB /* Products */ = {
			isa = PBXGroup;
			children = (
				E4AD184A2AFE9704003E46FB /* gitTest1.app */,
				E4AD18602AFE9706003E46FB /* gitTest1Tests.xctest */,
				E4AD186A2AFE9706003E46FB /* gitTest1UITests.xctest */,
			);
			name = Products;
			sourceTree = "<group>";
		};
		E4AD184C2AFE9704003E46FB /* gitTest1 */ = {
			isa = PBXGroup;
			children = (
				E4AD184D2AFE9704003E46FB /* AppDelegate.swift */,
				E4AD184F2AFE9704003E46FB /* SceneDelegate.swift */,
				E4AD18512AFE9704003E46FB /* ViewController.swift */,
				E4AD18532AFE9704003E46FB /* Main.storyboard */,
				E4AD18562AFE9706003E46FB /* Assets.xcassets */,
				E4AD18582AFE9706003E46FB /* LaunchScreen.storyboard */,
				E4AD185B2AFE9706003E46FB /* Info.plist */,
			);
			path = gitTest1;
			sourceTree = "<group>";
		};
		E4AD18632AFE9706003E46FB /* gitTest1Tests */ = {
			isa = PBXGroup;
			children = (
				E4AD18642AFE9706003E46FB /* gitTest1Tests.swift */,
			);
			path = gitTest1Tests;
			sourceTree = "<group>";
		};
		E4AD186D2AFE9706003E46FB /* gitTest1UITests */ = {
			isa = PBXGroup;
			children = (
				E4AD186E2AFE9706003E46FB /* gitTest1UITests.swift */,
				E4AD18702AFE9706003E46FB /* gitTest1UITestsLaunchTests.swift */,
			);
			path = gitTest1UITests;
			sourceTree = "<group>";
		};
/* End PBXGroup section */

/* Begin PBXNativeTarget section */
		E4AD18492AFE9704003E46FB /* gitTest1 */ = {
			isa = PBXNativeTarget;
			buildConfigurationList = E4AD18742AFE9706003E46FB /* Build configuration list for PBXNativeTarget "gitTest1" */;
			buildPhases = (
				E4AD18462AFE9704003E46FB /* Sources */,
				E4AD18472AFE9704003E46FB /* Frameworks */,
				E4AD18482AFE9704003E46FB /* Resources */,
			);
			buildRules = (
			);
			dependencies = (
			);
			name = gitTest1;
			productName = gitTest1;
			productReference = E4AD184A2AFE9704003E46FB /* gitTest1.app */;
			productType = "com.apple.product-type.application";
		};
		E4AD185F2AFE9706003E46FB /* gitTest1Tests */ = {
			isa = PBXNativeTarget;
			buildConfigurationList = E4AD18772AFE9706003E46FB /* Build configuration list for PBXNativeTarget "gitTest1Tests" */;
			buildPhases = (
				E4AD185C2AFE9706003E46FB /* Sources */,
				E4AD185D2AFE9706003E46FB /* Frameworks */,
				E4AD185E2AFE9706003E46FB /* Resources */,
			);
			buildRules = (
			);
			dependencies = (
				E4AD18622AFE9706003E46FB /* PBXTargetDependency */,
			);
			name = gitTest1Tests;
			productName = gitTest1Tests;
			productReference = E4AD18602AFE9706003E46FB /* gitTest1Tests.xctest */;
			productType = "com.apple.product-type.bundle.unit-test";
		};
		E4AD18692AFE9706003E46FB /* gitTest1UITests */ = {
			isa = PBXNativeTarget;
			buildConfigurationList = E4AD187A2AFE9706003E46FB /* Build configuration list for PBXNativeTarget "gitTest1UITests" */;
			buildPhases = (
				E4AD18662AFE9706003E46FB /* Sources */,
				E4AD18672AFE9706003E46FB /* Frameworks */,
				E4AD18682AFE9706003E46FB /* Resources */,
			);
			buildRules = (
			);
			dependencies = (
				E4AD186C2AFE9706003E46FB /* PBXTargetDependency */,
			);
			name = gitTest1UITests;
			productName = gitTest1UITests;
			productReference = E4AD186A2AFE9706003E46FB /* gitTest1UITests.xctest */;
			productType = "com.apple.product-type.bundle.ui-testing";
		};
/* End PBXNativeTarget section */

/* Begin PBXProject section */
		E4AD18422AFE9704003E46FB /* Project object */ = {
			isa = PBXProject;
			attributes = {
				BuildIndependentTargetsInParallel = 1;
				LastSwiftUpdateCheck = 1500;
				LastUpgradeCheck = 1500;
				TargetAttributes = {
					E4AD18492AFE9704003E46FB = {
						CreatedOnToolsVersion = 15.0;
					};
					E4AD185F2AFE9706003E46FB = {
						CreatedOnToolsVersion = 15.0;
						TestTargetID = E4AD18492AFE9704003E46FB;
					};
					E4AD18692AFE9706003E46FB = {
						CreatedOnToolsVersion = 15.0;
						TestTargetID = E4AD18492AFE9704003E46FB;
					};
				};
			};
			buildConfigurationList = E4AD18452AFE9704003E46FB /* Build configuration list for PBXProject "gitTest1" */;
			compatibilityVersion = "Xcode 14.0";
			developmentRegion = en;
			hasScannedForEncodings = 0;
			knownRegions = (
				en,
				Base,
			);
			mainGroup = E4AD18412AFE9704003E46FB;
			productRefGroup = E4AD184B2AFE9704003E46FB /* Products */;
			projectDirPath = "";
			projectRoot = "";
			targets = (
				E4AD18492AFE9704003E46FB /* gitTest1 */,
				E4AD185F2AFE9706003E46FB /* gitTest1Tests */,
				E4AD18692AFE9706003E46FB /* gitTest1UITests */,
			);
		};
/* End PBXProject section */

/* Begin PBXResourcesBuildPhase section */
		E4AD18482AFE9704003E46FB /* Resources */ = {
			isa = PBXResourcesBuildPhase;
			buildActionMask = 2147483647;
			files = (
				E4AD185A2AFE9706003E46FB /* LaunchScreen.storyboard in Resources */,
				E4AD18572AFE9706003E46FB /* Assets.xcassets in Resources */,
				E4AD18552AFE9704003E46FB /* Main.storyboard in Resources */,
			);
			runOnlyForDeploymentPostprocessing = 0;
		};
		E4AD185E2AFE9706003E46FB /* Resources */ = {
			isa = PBXResourcesBuildPhase;
			buildActionMask = 2147483647;
			files = (
			);
			runOnlyForDeploymentPostprocessing = 0;
		};
		E4AD18682AFE9706003E46FB /* Resources */ = {
			isa = PBXResourcesBuildPhase;
			buildActionMask = 2147483647;
			files = (
			);
			runOnlyForDeploymentPostprocessing = 0;
		};
/* End PBXResourcesBuildPhase section */

/* Begin PBXSourcesBuildPhase section */
		E4AD18462AFE9704003E46FB /* Sources */ = {
			isa = PBXSourcesBuildPhase;
			buildActionMask = 2147483647;
			files = (
				E4AD18522AFE9704003E46FB /* ViewController.swift in Sources */,
				E4AD184E2AFE9704003E46FB /* AppDelegate.swift in Sources */,
				E4AD18502AFE9704003E46FB /* SceneDelegate.swift in Sources */,
			);
			runOnlyForDeploymentPostprocessing = 0;
		};
		E4AD185C2AFE9706003E46FB /* Sources */ = {
			isa = PBXSourcesBuildPhase;
			buildActionMask = 2147483647;
			files = (
				E4AD18652AFE9706003E46FB /* gitTest1Tests.swift in Sources */,
			);
			runOnlyForDeploymentPostprocessing = 0;
		};
		E4AD18662AFE9706003E46FB /* Sources */ = {
			isa = PBXSourcesBuildPhase;
			buildActionMask = 2147483647;
			files = (
				E4AD18712AFE9706003E46FB /* gitTest1UITestsLaunchTests.swift in Sources */,
				E4AD186F2AFE9706003E46FB /* gitTest1UITests.swift in Sources */,
			);
			runOnlyForDeploymentPostprocessing = 0;
		};
/* End PBXSourcesBuildPhase section */

/* Begin PBXTargetDependency section */
		E4AD18622AFE9706003E46FB /* PBXTargetDependency */ = {
			isa = PBXTargetDependency;
			target = E4AD18492AFE9704003E46FB /* gitTest1 */;
			targetProxy = E4AD18612AFE9706003E46FB /* PBXContainerItemProxy */;
		};
		E4AD186C2AFE9706003E46FB /* PBXTargetDependency */ = {
			isa = PBXTargetDependency;
			target = E4AD18492AFE9704003E46FB /* gitTest1 */;
			targetProxy = E4AD186B2AFE9706003E46FB /* PBXContainerItemProxy */;
		};
/* End PBXTargetDependency section */

/* Begin PBXVariantGroup section */
		E4AD18532AFE9704003E46FB /* Main.storyboard */ = {
			isa = PBXVariantGroup;
			children = (
				E4AD18542AFE9704003E46FB /* Base */,
			);
			name = Main.storyboard;
			sourceTree = "<group>";
		};
		E4AD18582AFE9706003E46FB /* LaunchScreen.storyboard */ = {
			isa = PBXVariantGroup;
			children = (
				E4AD18592AFE9706003E46FB /* Base */,
			);
			name = LaunchScreen.storyboard;
			sourceTree = "<group>";
		};
/* End PBXVariantGroup section */

/* Begin XCBuildConfiguration section */
		E4AD18722AFE9706003E46FB /* Debug */ = {
			isa = XCBuildConfiguration;
			buildSettings = {
				ALWAYS_SEARCH_USER_PATHS = NO;
				ASSETCATALOG_COMPILER_GENERATE_SWIFT_ASSET_SYMBOL_EXTENSIONS = YES;
				CLANG_ANALYZER_NONNULL = YES;
				CLANG_ANALYZER_NUMBER_OBJECT_CONVERSION = YES_AGGRESSIVE;
				CLANG_CXX_LANGUAGE_STANDARD = "gnu++20";
				CLANG_ENABLE_MODULES = YES;
				CLANG_ENABLE_OBJC_ARC = YES;
				CLANG_ENABLE_OBJC_WEAK = YES;
				CLANG_WARN_BLOCK_CAPTURE_AUTORELEASING = YES;
				CLANG_WARN_BOOL_CONVERSION = YES;
				CLANG_WARN_COMMA = YES;
				CLANG_WARN_CONSTANT_CONVERSION = YES;
				CLANG_WARN_DEPRECATED_OBJC_IMPLEMENTATIONS = YES;
				CLANG_WARN_DIRECT_OBJC_ISA_USAGE = YES_ERROR;
				CLANG_WARN_DOCUMENTATION_COMMENTS = YES;
				CLANG_WARN_EMPTY_BODY = YES;
				CLANG_WARN_ENUM_CONVERSION = YES;
				CLANG_WARN_INFINITE_RECURSION = YES;
				CLANG_WARN_INT_CONVERSION = YES;
				CLANG_WARN_NON_LITERAL_NULL_CONVERSION = YES;
				CLANG_WARN_OBJC_IMPLICIT_RETAIN_SELF = YES;
				CLANG_WARN_OBJC_LITERAL_CONVERSION = YES;
				CLANG_WARN_OBJC_ROOT_CLASS = YES_ERROR;
				CLANG_WARN_QUOTED_INCLUDE_IN_FRAMEWORK_HEADER = YES;
				CLANG_WARN_RANGE_LOOP_ANALYSIS = YES;
				CLANG_WARN_STRICT_PROTOTYPES = YES;
				CLANG_WARN_SUSPICIOUS_MOVE = YES;
				CLANG_WARN_UNGUARDED_AVAILABILITY = YES_AGGRESSIVE;
				CLANG_WARN_UNREACHABLE_CODE = YES;
				CLANG_WARN__DUPLICATE_METHOD_MATCH = YES;
				COPY_PHASE_STRIP = NO;
				DEBUG_INFORMATION_FORMAT = dwarf;
				ENABLE_STRICT_OBJC_MSGSEND = YES;
				ENABLE_TESTABILITY = YES;
				ENABLE_USER_SCRIPT_SANDBOXING = YES;
				GCC_C_LANGUAGE_STANDARD = gnu17;
				GCC_DYNAMIC_NO_PIC = NO;
				GCC_NO_COMMON_BLOCKS = YES;
				GCC_OPTIMIZATION_LEVEL = 0;
				GCC_PREPROCESSOR_DEFINITIONS = (
					"DEBUG=1",
					"$(inherited)",
				);
				GCC_WARN_64_TO_32_BIT_CONVERSION = YES;
				GCC_WARN_ABOUT_RETURN_TYPE = YES_ERROR;
				GCC_WARN_UNDECLARED_SELECTOR = YES;
				GCC_WARN_UNINITIALIZED_AUTOS = YES_AGGRESSIVE;
				GCC_WARN_UNUSED_FUNCTION = YES;
				GCC_WARN_UNUSED_VARIABLE = YES;
				IPHONEOS_DEPLOYMENT_TARGET = 17.0;
				LOCALIZATION_PREFERS_STRING_CATALOGS = YES;
				MTL_ENABLE_DEBUG_INFO = INCLUDE_SOURCE;
				MTL_FAST_MATH = YES;
				ONLY_ACTIVE_ARCH = YES;
				SDKROOT = iphoneos;
				SWIFT_ACTIVE_COMPILATION_CONDITIONS = "DEBUG $(inherited)";
				SWIFT_OPTIMIZATION_LEVEL = "-Onone";
			};
			name = Debug;
		};
		E4AD18732AFE9706003E46FB /* Release */ = {
			isa = XCBuildConfiguration;
			buildSettings = {
				ALWAYS_SEARCH_USER_PATHS = NO;
				ASSETCATALOG_COMPILER_GENERATE_SWIFT_ASSET_SYMBOL_EXTENSIONS = YES;
				CLANG_ANALYZER_NONNULL = YES;
				CLANG_ANALYZER_NUMBER_OBJECT_CONVERSION = YES_AGGRESSIVE;
				CLANG_CXX_LANGUAGE_STANDARD = "gnu++20";
				CLANG_ENABLE_MODULES = YES;
				CLANG_ENABLE_OBJC_ARC = YES;
				CLANG_ENABLE_OBJC_WEAK = YES;
				CLANG_WARN_BLOCK_CAPTURE_AUTORELEASING = YES;
				CLANG_WARN_BOOL_CONVERSION = YES;
				CLANG_WARN_COMMA = YES;
				CLANG_WARN_CONSTANT_CONVERSION = YES;
				CLANG_WARN_DEPRECATED_OBJC_IMPLEMENTATIONS = YES;
				CLANG_WARN_DIRECT_OBJC_ISA_USAGE = YES_ERROR;
				CLANG_WARN_DOCUMENTATION_COMMENTS = YES;
				CLANG_WARN_EMPTY_BODY = YES;
				CLANG_WARN_ENUM_CONVERSION = YES;
				CLANG_WARN_INFINITE_RECURSION = YES;
				CLANG_WARN_INT_CONVERSION = YES;
				CLANG_WARN_NON_LITERAL_NULL_CONVERSION = YES;
				CLANG_WARN_OBJC_IMPLICIT_RETAIN_SELF = YES;
				CLANG_WARN_OBJC_LITERAL_CONVERSION = YES;
				CLANG_WARN_OBJC_ROOT_CLASS = YES_ERROR;
				CLANG_WARN_QUOTED_INCLUDE_IN_FRAMEWORK_HEADER = YES;
				CLANG_WARN_RANGE_LOOP_ANALYSIS = YES;
				CLANG_WARN_STRICT_PROTOTYPES = YES;
				CLANG_WARN_SUSPICIOUS_MOVE = YES;
				CLANG_WARN_UNGUARDED_AVAILABILITY = YES_AGGRESSIVE;
				CLANG_WARN_UNREACHABLE_CODE = YES;
				CLANG_WARN__DUPLICATE_METHOD_MATCH = YES;
				COPY_PHASE_STRIP = NO;
				DEBUG_INFORMATION_FORMAT = "dwarf-with-dsym";
				ENABLE_NS_ASSERTIONS = NO;
				ENABLE_STRICT_OBJC_MSGSEND = YES;
				ENABLE_USER_SCRIPT_SANDBOXING = YES;
				GCC_C_LANGUAGE_STANDARD = gnu17;
				GCC_NO_COMMON_BLOCKS = YES;
				GCC_WARN_64_TO_32_BIT_CONVERSION = YES;
				GCC_WARN_ABOUT_RETURN_TYPE = YES_ERROR;
				GCC_WARN_UNDECLARED_SELECTOR = YES;
				GCC_WARN_UNINITIALIZED_AUTOS = YES_AGGRESSIVE;
				GCC_WARN_UNUSED_FUNCTION = YES;
				GCC_WARN_UNUSED_VARIABLE = YES;
				IPHONEOS_DEPLOYMENT_TARGET = 17.0;
				LOCALIZATION_PREFERS_STRING_CATALOGS = YES;
				MTL_ENABLE_DEBUG_INFO = NO;
				MTL_FAST_MATH = YES;
				SDKROOT = iphoneos;
				SWIFT_COMPILATION_MODE = wholemodule;
				VALIDATE_PRODUCT = YES;
			};
			name = Release;
		};
		E4AD18752AFE9706003E46FB /* Debug */ = {
			isa = XCBuildConfiguration;
			buildSettings = {
				ASSETCATALOG_COMPILER_APPICON_NAME = AppIcon;
				ASSETCATALOG_COMPILER_GLOBAL_ACCENT_COLOR_NAME = AccentColor;
				CODE_SIGN_STYLE = Automatic;
				CURRENT_PROJECT_VERSION = 1;
				DEVELOPMENT_TEAM = LN25KMSU93;
				GENERATE_INFOPLIST_FILE = YES;
				INFOPLIST_FILE = gitTest1/Info.plist;
				INFOPLIST_KEY_UIApplicationSupportsIndirectInputEvents = YES;
				INFOPLIST_KEY_UILaunchStoryboardName = LaunchScreen;
				INFOPLIST_KEY_UIMainStoryboardFile = Main;
				INFOPLIST_KEY_UISupportedInterfaceOrientations_iPad = "UIInterfaceOrientationPortrait UIInterfaceOrientationPortraitUpsideDown UIInterfaceOrientationLandscapeLeft UIInterfaceOrientationLandscapeRight";
				INFOPLIST_KEY_UISupportedInterfaceOrientations_iPhone = "UIInterfaceOrientationPortrait UIInterfaceOrientationLandscapeLeft UIInterfaceOrientationLandscapeRight";
				LD_RUNPATH_SEARCH_PATHS = (
					"$(inherited)",
					"@executable_path/Frameworks",
				);
				MARKETING_VERSION = 1.0;
				PRODUCT_BUNDLE_IDENTIFIER = Vituruch.gitTest1;
				PRODUCT_NAME = "$(TARGET_NAME)";
				SWIFT_EMIT_LOC_STRINGS = YES;
				SWIFT_VERSION = 5.0;
				TARGETED_DEVICE_FAMILY = "1,2";
			};
			name = Debug;
		};
		E4AD18762AFE9706003E46FB /* Release */ = {
			isa = XCBuildConfiguration;
			buildSettings = {
				ASSETCATALOG_COMPILER_APPICON_NAME = AppIcon;
				ASSETCATALOG_COMPILER_GLOBAL_ACCENT_COLOR_NAME = AccentColor;
				CODE_SIGN_STYLE = Automatic;
				CURRENT_PROJECT_VERSION = 1;
				DEVELOPMENT_TEAM = LN25KMSU93;
				GENERATE_INFOPLIST_FILE = YES;
				INFOPLIST_FILE = gitTest1/Info.plist;
				INFOPLIST_KEY_UIApplicationSupportsIndirectInputEvents = YES;
				INFOPLIST_KEY_UILaunchStoryboardName = LaunchScreen;
				INFOPLIST_KEY_UIMainStoryboardFile = Main;
				INFOPLIST_KEY_UISupportedInterfaceOrientations_iPad = "UIInterfaceOrientationPortrait UIInterfaceOrientationPortraitUpsideDown UIInterfaceOrientationLandscapeLeft UIInterfaceOrientationLandscapeRight";
				INFOPLIST_KEY_UISupportedInterfaceOrientations_iPhone = "UIInterfaceOrientationPortrait UIInterfaceOrientationLandscapeLeft UIInterfaceOrientationLandscapeRight";
				LD_RUNPATH_SEARCH_PATHS = (
					"$(inherited)",
					"@executable_path/Frameworks",
				);
				MARKETING_VERSION = 1.0;
				PRODUCT_BUNDLE_IDENTIFIER = Vituruch.gitTest1;
				PRODUCT_NAME = "$(TARGET_NAME)";
				SWIFT_EMIT_LOC_STRINGS = YES;
				SWIFT_VERSION = 5.0;
				TARGETED_DEVICE_FAMILY = "1,2";
			};
			name = Release;
		};
		E4AD18782AFE9706003E46FB /* Debug */ = {
			isa = XCBuildConfiguration;
			buildSettings = {
				ALWAYS_EMBED_SWIFT_STANDARD_LIBRARIES = YES;
				BUNDLE_LOADER = "$(TEST_HOST)";
				CODE_SIGN_STYLE = Automatic;
				CURRENT_PROJECT_VERSION = 1;
				DEVELOPMENT_TEAM = LN25KMSU93;
				GENERATE_INFOPLIST_FILE = YES;
				IPHONEOS_DEPLOYMENT_TARGET = 17.0;
				MARKETING_VERSION = 1.0;
				PRODUCT_BUNDLE_IDENTIFIER = Vituruch.gitTest1Tests;
				PRODUCT_NAME = "$(TARGET_NAME)";
				SWIFT_EMIT_LOC_STRINGS = NO;
				SWIFT_VERSION = 5.0;
				TARGETED_DEVICE_FAMILY = "1,2";
				TEST_HOST = "$(BUILT_PRODUCTS_DIR)/gitTest1.app/$(BUNDLE_EXECUTABLE_FOLDER_PATH)/gitTest1";
			};
			name = Debug;
		};
		E4AD18792AFE9706003E46FB /* Release */ = {
			isa = XCBuildConfiguration;
			buildSettings = {
				ALWAYS_EMBED_SWIFT_STANDARD_LIBRARIES = YES;
				BUNDLE_LOADER = "$(TEST_HOST)";
				CODE_SIGN_STYLE = Automatic;
				CURRENT_PROJECT_VERSION = 1;
				DEVELOPMENT_TEAM = LN25KMSU93;
				GENERATE_INFOPLIST_FILE = YES;
				IPHONEOS_DEPLOYMENT_TARGET = 17.0;
				MARKETING_VERSION = 1.0;
				PRODUCT_BUNDLE_IDENTIFIER = Vituruch.gitTest1Tests;
				PRODUCT_NAME = "$(TARGET_NAME)";
				SWIFT_EMIT_LOC_STRINGS = NO;
				SWIFT_VERSION = 5.0;
				TARGETED_DEVICE_FAMILY = "1,2";
				TEST_HOST = "$(BUILT_PRODUCTS_DIR)/gitTest1.app/$(BUNDLE_EXECUTABLE_FOLDER_PATH)/gitTest1";
			};
			name = Release;
		};
		E4AD187B2AFE9706003E46FB /* Debug */ = {
			isa = XCBuildConfiguration;
			buildSettings = {
				ALWAYS_EMBED_SWIFT_STANDARD_LIBRARIES = YES;
				CODE_SIGN_STYLE = Automatic;
				CURRENT_PROJECT_VERSION = 1;
				DEVELOPMENT_TEAM = LN25KMSU93;
				GENERATE_INFOPLIST_FILE = YES;
				MARKETING_VERSION = 1.0;
				PRODUCT_BUNDLE_IDENTIFIER = Vituruch.gitTest1UITests;
				PRODUCT_NAME = "$(TARGET_NAME)";
				SWIFT_EMIT_LOC_STRINGS = NO;
				SWIFT_VERSION = 5.0;
				TARGETED_DEVICE_FAMILY = "1,2";
				TEST_TARGET_NAME = gitTest1;
			};
			name = Debug;
		};
		E4AD187C2AFE9706003E46FB /* Release */ = {
			isa = XCBuildConfiguration;
			buildSettings = {
				ALWAYS_EMBED_SWIFT_STANDARD_LIBRARIES = YES;
				CODE_SIGN_STYLE = Automatic;
				CURRENT_PROJECT_VERSION = 1;
				DEVELOPMENT_TEAM = LN25KMSU93;
				GENERATE_INFOPLIST_FILE = YES;
				MARKETING_VERSION = 1.0;
				PRODUCT_BUNDLE_IDENTIFIER = Vituruch.gitTest1UITests;
				PRODUCT_NAME = "$(TARGET_NAME)";
				SWIFT_EMIT_LOC_STRINGS = NO;
				SWIFT_VERSION = 5.0;
				TARGETED_DEVICE_FAMILY = "1,2";
				TEST_TARGET_NAME = gitTest1;
			};
			name = Release;
		};
/* End XCBuildConfiguration section */

/* Begin XCConfigurationList section */
		E4AD18452AFE9704003E46FB /* Build configuration list for PBXProject "gitTest1" */ = {
			isa = XCConfigurationList;
			buildConfigurations = (
				E4AD18722AFE9706003E46FB /* Debug */,
				E4AD18732AFE9706003E46FB /* Release */,
			);
			defaultConfigurationIsVisible = 0;
			defaultConfigurationName = Release;
		};
		E4AD18742AFE9706003E46FB /* Build configuration list for PBXNativeTarget "gitTest1" */ = {
			isa = XCConfigurationList;
			buildConfigurations = (
				E4AD18752AFE9706003E46FB /* Debug */,
				E4AD18762AFE9706003E46FB /* Release */,
			);
			defaultConfigurationIsVisible = 0;
			defaultConfigurationName = Release;
		};
		E4AD18772AFE9706003E46FB /* Build configuration list for PBXNativeTarget "gitTest1Tests" */ = {
			isa = XCConfigurationList;
			buildConfigurations = (
				E4AD18782AFE9706003E46FB /* Debug */,
				E4AD18792AFE9706003E46FB /* Release */,
			);
			defaultConfigurationIsVisible = 0;
			defaultConfigurationName = Release;
		};
		E4AD187A2AFE9706003E46FB /* Build configuration list for PBXNativeTarget "gitTest1UITests" */ = {
			isa = XCConfigurationList;
			buildConfigurations = (
				E4AD187B2AFE9706003E46FB /* Debug */,
				E4AD187C2AFE9706003E46FB /* Release */,
			);
			defaultConfigurationIsVisible = 0;
			defaultConfigurationName = Release;
		};
/* End XCConfigurationList section */
	};
	rootObject = E4AD18422AFE9704003E46FB /* Project object */;
}
